{
  "lockfileVersion": 1,
  "configVersion": 0,
  "workspaces": {
    "": {
      "name": "smokeybot-twitch",
      "dependencies": {
        "@twurple/api": "^7.1.0",
        "@twurple/auth": "^7.1.0",
        "@twurple/easy-bot": "^7.1.0",
      },
      "devDependencies": {
        "@types/bun": "latest",
        "typescript": "^5.9.3",
      },
    },
  },
  "packages": {
    "@d-fischer/cache-decorators": ["@d-fischer/cache-decorators@4.0.1", "", { "dependencies": { "@d-fischer/shared-utils": "^3.6.3", "tslib": "^2.6.2" } }, "sha512-HNYLBLWs/t28GFZZeqdIBqq8f37mqDIFO6xNPof94VjpKvuP6ROqCZGafx88dk5zZUlBfViV9jD8iNNlXfc4CA=="],

    "@d-fischer/connection": ["@d-fischer/connection@9.0.0", "", { "dependencies": { "@d-fischer/isomorphic-ws": "^7.0.0", "@d-fischer/logger": "^4.2.1", "@d-fischer/shared-utils": "^3.5.0", "@d-fischer/typed-event-emitter": "^3.3.0", "@types/ws": "^8.5.4", "tslib": "^2.4.1", "ws": "^8.11.0" } }, "sha512-Mljp/EbaE+eYWfsFXUOk+RfpbHgrWGL/60JkAvjYixw6KREfi5r17XdUiXe54ByAQox6jwgdN2vebdmW1BT+nQ=="],

    "@d-fischer/cross-fetch": ["@d-fischer/cross-fetch@5.0.5", "", { "dependencies": { "node-fetch": "^2.6.12" } }, "sha512-symjDUPInTrkfIsZc2n2mo9hiAJLcTJsZkNICjZajEWnWpJ3s3zn50/FY8xpNUAf5w3eFuQii2wxztTGpvG1Xg=="],

    "@d-fischer/deprecate": ["@d-fischer/deprecate@2.0.2", "", {}, "sha512-wlw3HwEanJFJKctwLzhfOM6LKwR70FPfGZGoKOhWBKyOPXk+3a9Cc6S9zhm6tka7xKtpmfxVIReGUwPnMbIaZg=="],

    "@d-fischer/detect-node": ["@d-fischer/detect-node@3.0.1", "", {}, "sha512-0Rf3XwTzuTh8+oPZW9SfxTIiL+26RRJ0BRPwj5oVjZFyFKmsj9RGfN2zuTRjOuA3FCK/jYm06HOhwNK+8Pfv8w=="],

    "@d-fischer/escape-string-regexp": ["@d-fischer/escape-string-regexp@5.0.0", "", {}, "sha512-7eoxnxcto5eVPW5h1T+ePnVFukmI9f/ZR9nlBLh1t3kyzJDUNor2C+YW9H/Terw3YnbZSDgDYrpCJCHtOtAQHw=="],

    "@d-fischer/isomorphic-ws": ["@d-fischer/isomorphic-ws@7.0.2", "", { "peerDependencies": { "ws": "^8.2.0" } }, "sha512-xK+qIJUF0ne3dsjq5Y3BviQ4M+gx9dzkN+dPP7abBMje4YRfow+X9jBgeEoTe5e+Q6+8hI9R0b37Okkk8Vf0hQ=="],

    "@d-fischer/logger": ["@d-fischer/logger@4.2.4", "", { "dependencies": { "@d-fischer/detect-node": "^3.0.1", "@d-fischer/shared-utils": "^3.6.1", "tslib": "^2.5.0" } }, "sha512-TFMZ/SVW8xyQtyJw9Rcuci4betSKy0qbQn2B5+1+72vVXeO8Qb1pYvuwF5qr0vDGundmSWq7W8r19nVPnXXSvA=="],

    "@d-fischer/qs": ["@d-fischer/qs@7.0.2", "", {}, "sha512-yAu3xDooiL+ef84Jo8nLjDjWBRk7RXk163Y6aTvRB7FauYd3spQD/dWvgT7R4CrN54Juhrrc3dMY7mc+jZGurQ=="],

    "@d-fischer/rate-limiter": ["@d-fischer/rate-limiter@1.1.0", "", { "dependencies": { "@d-fischer/logger": "^4.2.3", "@d-fischer/shared-utils": "^3.6.3", "tslib": "^2.6.2" } }, "sha512-O5HgACwApyCZhp4JTEBEtbv/W3eAwEkrARFvgWnEsDmXgCMWjIHwohWoHre5BW6IYXFSHBGsuZB/EvNL3942kQ=="],

    "@d-fischer/shared-utils": ["@d-fischer/shared-utils@3.6.4", "", { "dependencies": { "tslib": "^2.4.1" } }, "sha512-BPkVLHfn2Lbyo/ENDBwtEB8JVQ+9OzkjJhUunLaxkw4k59YFlQxUUwlDBejVSFcpQT0t+D3CQlX+ySZnQj0wxw=="],

    "@d-fischer/typed-event-emitter": ["@d-fischer/typed-event-emitter@3.3.3", "", { "dependencies": { "tslib": "^2.4.0" } }, "sha512-OvSEOa8icfdWDqcRtjSEZtgJTFOFNgTjje7zaL0+nAtu2/kZtRCSK5wUMrI/aXtCH8o0Qz2vA8UqkhWUTARFQQ=="],

    "@twurple/api": ["@twurple/api@7.4.0", "", { "dependencies": { "@d-fischer/cache-decorators": "^4.0.0", "@d-fischer/cross-fetch": "^5.0.1", "@d-fischer/detect-node": "^3.0.1", "@d-fischer/logger": "^4.2.1", "@d-fischer/rate-limiter": "^1.1.0", "@d-fischer/shared-utils": "^3.6.1", "@d-fischer/typed-event-emitter": "^3.3.1", "@twurple/api-call": "7.4.0", "@twurple/common": "7.4.0", "retry": "^0.13.1", "tslib": "^2.0.3" }, "peerDependencies": { "@twurple/auth": "7.4.0" } }, "sha512-RlXLs4ZvS8n0+iIk7YyVDwrjhlwpn+N+h7fX5Q61HoxlmzoCShmnnFo03abYw9i8Cc3deGpbQATOSVmigXM4qg=="],

    "@twurple/api-call": ["@twurple/api-call@7.4.0", "", { "dependencies": { "@d-fischer/cross-fetch": "^5.0.1", "@d-fischer/qs": "^7.0.2", "@d-fischer/shared-utils": "^3.6.1", "@twurple/common": "7.4.0", "tslib": "^2.0.3" } }, "sha512-WNxvjp/hMqZREElbvE4rHMyUIrHdGY5cbG8xbqgSM9CESFvJ1wm5BubhyANOyKd1TxABacLddbfbO//Fz9YHgA=="],

    "@twurple/auth": ["@twurple/auth@7.4.0", "", { "dependencies": { "@d-fischer/logger": "^4.2.1", "@d-fischer/shared-utils": "^3.6.1", "@d-fischer/typed-event-emitter": "^3.3.1", "@twurple/api-call": "7.4.0", "@twurple/common": "7.4.0", "tslib": "^2.0.3" } }, "sha512-WAQV6nJGkfY7r2BkRYhnzUpdfozLvjNsCxkyNVprl4dCWdJzccnTvqkKTdDRJc5ZJxDVaB9Drzwx9/fCp/gRDA=="],

    "@twurple/chat": ["@twurple/chat@7.4.0", "", { "dependencies": { "@d-fischer/cache-decorators": "^4.0.0", "@d-fischer/deprecate": "^2.0.2", "@d-fischer/logger": "^4.2.1", "@d-fischer/rate-limiter": "^1.1.0", "@d-fischer/shared-utils": "^3.6.1", "@d-fischer/typed-event-emitter": "^3.3.0", "@twurple/common": "7.4.0", "ircv3": "^0.33.0", "tslib": "^2.0.3" }, "peerDependencies": { "@twurple/auth": "7.4.0" } }, "sha512-SYppFwnWt7I8mH/I7fF/ZPO61aBzOz7BOOHQhVWzuQ/7qgPfZnmPJmUwfMnsMmKJ95TfsScZnAWxhdwNdRe3wg=="],

    "@twurple/common": ["@twurple/common@7.4.0", "", { "dependencies": { "@d-fischer/shared-utils": "^3.6.1", "klona": "^2.0.4", "tslib": "^2.0.3" } }, "sha512-lX5cVkYar6jGvni6iLmMYjhxH1oPSl2v7XVeZ4C7U1GbLz/Jwk0L0uldQNGUIf9gpRHPY+TXRlk0UIpz2yo8DA=="],

    "@twurple/easy-bot": ["@twurple/easy-bot@7.4.0", "", { "dependencies": { "@d-fischer/logger": "^4.2.1", "@d-fischer/shared-utils": "^3.6.1", "@d-fischer/typed-event-emitter": "^3.3.0", "@twurple/api": "7.4.0", "@twurple/auth": "7.4.0", "@twurple/chat": "7.4.0", "@twurple/common": "7.4.0", "tslib": "^2.0.3" } }, "sha512-mJIyPBRsvb7wOJeHQqR3Xz3Zv67HwvRufZf4MZ89BpVzVV+0WDUPVrbacYwqK3Rvq23NlwIFZ2NnlK77t9MIEQ=="],

    "@types/bun": ["@types/bun@1.2.23", "", { "dependencies": { "bun-types": "1.2.23" } }, "sha512-le8ueOY5b6VKYf19xT3McVbXqLqmxzPXHsQT/q9JHgikJ2X22wyTW3g3ohz2ZMnp7dod6aduIiq8A14Xyimm0A=="],

    "@types/node": ["@types/node@24.6.1", "", { "dependencies": { "undici-types": "~7.13.0" } }, "sha512-ljvjjs3DNXummeIaooB4cLBKg2U6SPI6Hjra/9rRIy7CpM0HpLtG9HptkMKAb4HYWy5S7HUvJEuWgr/y0U8SHw=="],

    "@types/react": ["@types/react@19.1.16", "", { "dependencies": { "csstype": "^3.0.2" } }, "sha512-WBM/nDbEZmDUORKnh5i1bTnAz6vTohUf9b8esSMu+b24+srbaxa04UbJgWx78CVfNXA20sNu0odEIluZDFdCog=="],

    "@types/ws": ["@types/ws@8.18.1", "", { "dependencies": { "@types/node": "*" } }, "sha512-ThVF6DCVhA8kUGy+aazFQ4kXQ7E1Ty7A3ypFOe0IcJV8O/M511G99AW24irKrW56Wt44yG9+ij8FaqoBGkuBXg=="],

    "bun-types": ["bun-types@1.2.23", "", { "dependencies": { "@types/node": "*" }, "peerDependencies": { "@types/react": "^19" } }, "sha512-R9f0hKAZXgFU3mlrA0YpE/fiDvwV0FT9rORApt2aQVWSuJDzZOyB5QLc0N/4HF57CS8IXJ6+L5E4W1bW6NS2Aw=="],

    "csstype": ["csstype@3.1.3", "", {}, "sha512-M1uQkMl8rQK/szD0LNhtqxIPLpimGm8sOBwU7lLnCpSbTyY3yeU1Vc7l4KT5zT4s/yOxHH5O7tIuuLOCnLADRw=="],

    "ircv3": ["ircv3@0.33.0", "", { "dependencies": { "@d-fischer/connection": "^9.0.0", "@d-fischer/escape-string-regexp": "^5.0.0", "@d-fischer/logger": "^4.2.1", "@d-fischer/shared-utils": "^3.5.0", "@d-fischer/typed-event-emitter": "^3.3.0", "klona": "^2.0.5", "tslib": "^2.4.1" } }, "sha512-7rK1Aial3LBiFycE8w3MHiBBFb41/2GG2Ll/fR2IJj1vx0pLpn1s+78K+z/I4PZTqCCSp/Sb4QgKMh3NMhx0Kg=="],

    "klona": ["klona@2.0.6", "", {}, "sha512-dhG34DXATL5hSxJbIexCft8FChFXtmskoZYnoPWjXQuebWYCNkVeV3KkGegCK9CP1oswI/vQibS2GY7Em/sJJA=="],

    "node-fetch": ["node-fetch@2.7.0", "", { "dependencies": { "whatwg-url": "^5.0.0" }, "peerDependencies": { "encoding": "^0.1.0" }, "optionalPeers": ["encoding"] }, "sha512-c4FRfUm/dbcWZ7U+1Wq0AwCyFL+3nt2bEw05wfxSz+DWpWsitgmSgYmy2dQdWyKC1694ELPqMs/YzUSNozLt8A=="],

    "retry": ["retry@0.13.1", "", {}, "sha512-XQBQ3I8W1Cge0Seh+6gjj03LbmRFWuoszgK9ooCpwYIrhhoO80pfq4cUkU5DkknwfOfFteRwlZ56PYOGYyFWdg=="],

    "tr46": ["tr46@0.0.3", "", {}, "sha512-N3WMsuqV66lT30CrXNbEjx4GEwlow3v6rr4mCcv6prnfwhS01rkgyFdjPNBYd9br7LpXV1+Emh01fHnq2Gdgrw=="],

    "tslib": ["tslib@2.8.1", "", {}, "sha512-oJFu94HQb+KVduSUQL7wnpmqnfmLsOA/nAh6b6EH0wCEoK0/mPeXU6c3wKDV83MkOuHPRHtSXKKU99IBazS/2w=="],

    "typescript": ["typescript@5.9.3", "", { "bin": { "tsc": "bin/tsc", "tsserver": "bin/tsserver" } }, "sha512-jl1vZzPDinLr9eUt3J/t7V6FgNEw9QjvBPdysz9KfQDD41fQrC2Y4vKQdiaUpFT4bXlb1RHhLpp8wtm6M5TgSw=="],

    "undici-types": ["undici-types@7.13.0", "", {}, "sha512-Ov2Rr9Sx+fRgagJ5AX0qvItZG/JKKoBRAVITs1zk7IqZGTJUwgUr7qoYBpWwakpWilTZFM98rG/AFRocu10iIQ=="],

    "webidl-conversions": ["webidl-conversions@3.0.1", "", {}, "sha512-2JAn3z8AR6rjK8Sm8orRC0h/bcl/DqL7tRPdGZ4I1CjdF+EaMLmYxBHyXuKL849eucPFhvBoxMsflfOb8kxaeQ=="],

    "whatwg-url": ["whatwg-url@5.0.0", "", { "dependencies": { "tr46": "~0.0.3", "webidl-conversions": "^3.0.0" } }, "sha512-saE57nupxk6v3HY35+jzBwYa0rKSy0XR8JSxZPwgLr7ys0IBzhGviA1/TUGJLmSVqs8pb9AnvICXEuOHLprYTw=="],

    "ws": ["ws@8.18.3", "", { "peerDependencies": { "bufferutil": "^4.0.1", "utf-8-validate": ">=5.0.2" }, "optionalPeers": ["bufferutil", "utf-8-validate"] }, "sha512-PEIGCY5tSlUt50cqyMXfCzX+oOPqN0vuGqWzbcJ2xvnkzkq46oOpz7dQaTDBdfICb4N14+GARUDw2XV2N4tvzg=="],
  }
}
